
Microsoft Visual Studio Solution File, Format Version 12.00
# Visual Studio 14
VisualStudioVersion = 14.0.25123.0
MinimumVisualStudioVersion = 10.0.40219.1
Project("{FAE04EC0-301F-11D3-BF4B-00C04F79EFBC}") = "AzureManagement", "AzureManagement\AzureManagement.csproj", "{D40243FD-8AA2-49EE-AEFE-69DDC78E093F}"
EndProject
Project("{FAE04EC0-301F-11D3-BF4B-00C04F79EFBC}") = "TestApp", "TestApp\TestApp.csproj", "{6F0DE598-2F27-431E-A937-6044669D3A14}"
EndProject
Global
	GlobalSection(SolutionConfigurationPlatforms) = preSolution
		Debug|Any CPU = Debug|Any CPU
		Release|Any CPU = Release|Any CPU
	EndGlobalSection
	GlobalSection(ProjectConfigurationPlatforms) = postSolution
		{D40243FD-8AA2-49EE-AEFE-69DDC78E093F}.Debug|Any CPU.ActiveCfg = Debug|Any CPU
		{D40243FD-8AA2-49EE-AEFE-69DDC78E093F}.Debug|Any CPU.Build.0 = Debug|Any CPU
		{D40243FD-8AA2-49EE-AEFE-69DDC78E093F}.Release|Any CPU.ActiveCfg = Release|Any CPU
		{D40243FD-8AA2-49EE-AEFE-69DDC78E093F}.Release|Any CPU.Build.0 = Release|Any CPU
		{6F0DE598-2F27-431E-A937-6044669D3A14}.Debug|Any CPU.ActiveCfg = Debug|Any CPU
		{6F0DE598-2F27-431E-A937-6044669D3A14}.Debug|Any CPU.Build.0 = Debug|Any CPU
		{6F0DE598-2F27-431E-A937-6044669D3A14}.Release|Any CPU.ActiveCfg = Release|Any CPU
		{6F0DE598-2F27-431E-A937-6044669D3A14}.Release|Any CPU.Build.0 = Release|Any CPU
	EndGlobalSection
	GlobalSection(SolutionProperties) = preSolution
		HideSolutionNode = FALSE
	EndGlobalSection
EndGlobal
